Microsoft Visual Studio Solution File, Format Version 12.00
# Visual Studio Version 17
VisualStudioVersion = 17.5.2.0
MinimumVisualStudioVersion = 10.0.40219.1
Project("{FAE04EC0-301F-11D3-BF4B-00C04F79EFBC}") = "ec-Web", "ec-Web.csproj", "{23770781-D7C4-C560-97B1-5B425C892D29}"
EndProject
Global
	GlobalSection(SolutionConfigurationPlatforms) = preSolution
		Debug|Any CPU = Debug|Any CPU
		Release|Any CPU = Release|Any CPU
	EndGlobalSection
	GlobalSection(ProjectConfigurationPlatforms) = postSolution
		{23770781-D7C4-C560-97B1-5B425C892D29}.Debug|Any CPU.ActiveCfg = Debug|Any CPU
		{23770781-D7C4-C560-97B1-5B425C892D29}.Debug|Any CPU.Build.0 = Debug|Any CPU
		{23770781-D7C4-C560-97B1-5B425C892D29}.Release|Any CPU.ActiveCfg = Release|Any CPU
		{23770781-D7C4-C560-97B1-5B425C892D29}.Release|Any CPU.Build.0 = Release|Any CPU
	EndGlobalSection
	GlobalSection(SolutionProperties) = preSolution
		HideSolutionNode = FALSE
	EndGlobalSection
	GlobalSection(ExtensibilityGlobals) = postSolution
		SolutionGuid = {6AFFA66D-D4F3-427D-8EF9-1163A3BC10B6}
	EndGlobalSection
EndGlobal
